
Microsoft Visual Studio Solution File, Format Version 12.00
# Visual Studio 2013
VisualStudioVersion = 12.0.21005.1
MinimumVisualStudioVersion = 10.0.40219.1
Project("{FAE04EC0-301F-11D3-BF4B-00C04F79EFBC}") = "Study", "Study\Study.csproj", "{DFEB029A-5319-45DE-8C72-7AF3530E728D}"
EndProject
Project("{FAE04EC0-301F-11D3-BF4B-00C04F79EFBC}") = "GUI", "GUI\GUI.csproj", "{1460B66E-0C70-42A4-B197-61FB7C1D640A}"
EndProject
Project("{FAE04EC0-301F-11D3-BF4B-00C04F79EFBC}") = "Test", "Test\Test.csproj", "{40ABC67F-0C1B-47BB-89C0-6A53964C7A66}"
EndProject
Project("{FAE04EC0-301F-11D3-BF4B-00C04F79EFBC}") = "Test1", "Test1\Test1.csproj", "{9686A3B2-C3D5-41F8-8F52-987668ACCA3F}"
EndProject
Global
	GlobalSection(SolutionConfigurationPlatforms) = preSolution
		Debug|Any CPU = Debug|Any CPU
		Release|Any CPU = Release|Any CPU
	EndGlobalSection
	GlobalSection(ProjectConfigurationPlatforms) = postSolution
		{DFEB029A-5319-45DE-8C72-7AF3530E728D}.Debug|Any CPU.ActiveCfg = Debug|Any CPU
		{DFEB029A-5319-45DE-8C72-7AF3530E728D}.Debug|Any CPU.Build.0 = Debug|Any CPU
		{DFEB029A-5319-45DE-8C72-7AF3530E728D}.Release|Any CPU.ActiveCfg = Release|Any CPU
		{DFEB029A-5319-45DE-8C72-7AF3530E728D}.Release|Any CPU.Build.0 = Release|Any CPU
		{1460B66E-0C70-42A4-B197-61FB7C1D640A}.Debug|Any CPU.ActiveCfg = Debug|Any CPU
		{1460B66E-0C70-42A4-B197-61FB7C1D640A}.Debug|Any CPU.Build.0 = Debug|Any CPU
		{1460B66E-0C70-42A4-B197-61FB7C1D640A}.Release|Any CPU.ActiveCfg = Release|Any CPU
		{1460B66E-0C70-42A4-B197-61FB7C1D640A}.Release|Any CPU.Build.0 = Release|Any CPU
		{40ABC67F-0C1B-47BB-89C0-6A53964C7A66}.Debug|Any CPU.ActiveCfg = Debug|Any CPU
		{40ABC67F-0C1B-47BB-89C0-6A53964C7A66}.Debug|Any CPU.Build.0 = Debug|Any CPU
		{40ABC67F-0C1B-47BB-89C0-6A53964C7A66}.Release|Any CPU.ActiveCfg = Release|Any CPU
		{40ABC67F-0C1B-47BB-89C0-6A53964C7A66}.Release|Any CPU.Build.0 = Release|Any CPU
		{9686A3B2-C3D5-41F8-8F52-987668ACCA3F}.Debug|Any CPU.ActiveCfg = Debug|Any CPU
		{9686A3B2-C3D5-41F8-8F52-987668ACCA3F}.Debug|Any CPU.Build.0 = Debug|Any CPU
		{9686A3B2-C3D5-41F8-8F52-987668ACCA3F}.Release|Any CPU.ActiveCfg = Release|Any CPU
		{9686A3B2-C3D5-41F8-8F52-987668ACCA3F}.Release|Any CPU.Build.0 = Release|Any CPU
	EndGlobalSection
	GlobalSection(SolutionProperties) = preSolution
		HideSolutionNode = FALSE
	EndGlobalSection
EndGlobal
